// !$*UTF8*$!
{
	archiveVersion = 1;
	classes = {
	};
	objectVersion = 46;
	objects = {

/* Begin PBXBuildFile section */
		211DD92719A62BC000D7CA24 /* AppDelegate.swift in Sources */ = {isa = PBXBuildFile; fileRef = 211DD92619A62BC000D7CA24 /* AppDelegate.swift */; };
		211DD92A19A62BC100D7CA24 /* Visitor.xcdatamodeld in Sources */ = {isa = PBXBuildFile; fileRef = 211DD92819A62BC100D7CA24 /* Visitor.xcdatamodeld */; };
		211DD92C19A62BC100D7CA24 /* ViewController.swift in Sources */ = {isa = PBXBuildFile; fileRef = 211DD92B19A62BC100D7CA24 /* ViewController.swift */; };
		211DD92F19A62BC100D7CA24 /* Main.storyboard in Resources */ = {isa = PBXBuildFile; fileRef = 211DD92D19A62BC100D7CA24 /* Main.storyboard */; };
		211DD93119A62BC200D7CA24 /* Images.xcassets in Resources */ = {isa = PBXBuildFile; fileRef = 211DD93019A62BC200D7CA24 /* Images.xcassets */; };
		211DD93D19A62BC200D7CA24 /* VisitorTests.swift in Sources */ = {isa = PBXBuildFile; fileRef = 211DD93C19A62BC200D7CA24 /* VisitorTests.swift */; };
		2125F80619AB67D50032EE27 /* VisitManager.swift in Sources */ = {isa = PBXBuildFile; fileRef = 2125F80519AB67D50032EE27 /* VisitManager.swift */; };
		2125F80A19AB9B910032EE27 /* MapViewController.swift in Sources */ = {isa = PBXBuildFile; fileRef = 2125F80919AB9B910032EE27 /* MapViewController.swift */; };
		21A4FF9219A798BD00923C55 /* Visit.swift in Sources */ = {isa = PBXBuildFile; fileRef = 21A4FF9119A798BD00923C55 /* Visit.swift */; };
/* End PBXBuildFile section */

/* Begin PBXContainerItemProxy section */
		211DD93719A62BC200D7CA24 /* PBXContainerItemProxy */ = {
			isa = PBXContainerItemProxy;
			containerPortal = 211DD91919A62BBC00D7CA24 /* Project object */;
			proxyType = 1;
			remoteGlobalIDString = 211DD92019A62BBD00D7CA24;
			remoteInfo = Visitor;
		};
/* End PBXContainerItemProxy section */

/* Begin PBXFileReference section */
		211DD92119A62BBF00D7CA24 /* Visitor.app */ = {isa = PBXFileReference; explicitFileType = wrapper.application; includeInIndex = 0; path = Visitor.app; sourceTree = BUILT_PRODUCTS_DIR; };
		211DD92519A62BC000D7CA24 /* Info.plist */ = {isa = PBXFileReference; lastKnownFileType = text.plist.xml; path = Info.plist; sourceTree = "<group>"; };
		211DD92619A62BC000D7CA24 /* AppDelegate.swift */ = {isa = PBXFileReference; lastKnownFileType = sourcecode.swift; path = AppDelegate.swift; sourceTree = "<group>"; };
		211DD92919A62BC100D7CA24 /* Visitor.xcdatamodel */ = {isa = PBXFileReference; lastKnownFileType = wrapper.xcdatamodel; path = Visitor.xcdatamodel; sourceTree = "<group>"; };
		211DD92B19A62BC100D7CA24 /* ViewController.swift */ = {isa = PBXFileReference; lastKnownFileType = sourcecode.swift; path = ViewController.swift; sourceTree = "<group>"; };
		211DD92E19A62BC100D7CA24 /* Base */ = {isa = PBXFileReference; lastKnownFileType = file.storyboard; name = Base; path = Base.lproj/Main.storyboard; sourceTree = "<group>"; };
		211DD93019A62BC200D7CA24 /* Images.xcassets */ = {isa = PBXFileReference; lastKnownFileType = folder.assetcatalog; path = Images.xcassets; sourceTree = "<group>"; };
		211DD93619A62BC200D7CA24 /* VisitorTests.xctest */ = {isa = PBXFileReference; explicitFileType = wrapper.cfbundle; includeInIndex = 0; path = VisitorTests.xctest; sourceTree = BUILT_PRODUCTS_DIR; };
		211DD93B19A62BC200D7CA24 /* Info.plist */ = {isa = PBXFileReference; lastKnownFileType = text.plist.xml; path = Info.plist; sourceTree = "<group>"; };
		211DD93C19A62BC200D7CA24 /* VisitorTests.swift */ = {isa = PBXFileReference; lastKnownFileType = sourcecode.swift; path = VisitorTests.swift; sourceTree = "<group>"; };
		2125F80519AB67D50032EE27 /* VisitManager.swift */ = {isa = PBXFileReference; fileEncoding = 4; lastKnownFileType = sourcecode.swift; path = VisitManager.swift; sourceTree = "<group>"; };
		2125F80919AB9B910032EE27 /* MapViewController.swift */ = {isa = PBXFileReference; fileEncoding = 4; lastKnownFileType = sourcecode.swift; path = MapViewController.swift; sourceTree = "<group>"; };
		21A4FF9119A798BD00923C55 /* Visit.swift */ = {isa = PBXFileReference; fileEncoding = 4; lastKnownFileType = sourcecode.swift; path = Visit.swift; sourceTree = "<group>"; };
/* End PBXFileReference section */

/* Begin PBXFrameworksBuildPhase section */
		211DD91E19A62BBD00D7CA24 /* Frameworks */ = {
			isa = PBXFrameworksBuildPhase;
			buildActionMask = 2147483647;
			files = (
			);
			runOnlyForDeploymentPostprocessing = 0;
		};
		211DD93319A62BC200D7CA24 /* Frameworks */ = {
			isa = PBXFrameworksBuildPhase;
			buildActionMask = 2147483647;
			files = (
			);
			runOnlyForDeploymentPostprocessing = 0;
		};
/* End PBXFrameworksBuildPhase section */

/* Begin PBXGroup section */
		211DD91819A62BBB00D7CA24 = {
			isa = PBXGroup;
			children = (
				211DD92319A62BBF00D7CA24 /* Visitor */,
				211DD93919A62BC200D7CA24 /* VisitorTests */,
				211DD92219A62BBF00D7CA24 /* Products */,
			);
			sourceTree = "<group>";
		};
		211DD92219A62BBF00D7CA24 /* Products */ = {
			isa = PBXGroup;
			children = (
				211DD92119A62BBF00D7CA24 /* Visitor.app */,
				211DD93619A62BC200D7CA24 /* VisitorTests.xctest */,
			);
			name = Products;
			sourceTree = "<group>";
		};
		211DD92319A62BBF00D7CA24 /* Visitor */ = {
			isa = PBXGroup;
			children = (
				2125F80919AB9B910032EE27 /* MapViewController.swift */,
				211DD92619A62BC000D7CA24 /* AppDelegate.swift */,
				211DD92B19A62BC100D7CA24 /* ViewController.swift */,
				211DD92D19A62BC100D7CA24 /* Main.storyboard */,
				211DD93019A62BC200D7CA24 /* Images.xcassets */,
				211DD92819A62BC100D7CA24 /* Visitor.xcdatamodeld */,
				21A4FF9119A798BD00923C55 /* Visit.swift */,
				211DD92419A62BC000D7CA24 /* Supporting Files */,
				2125F80519AB67D50032EE27 /* VisitManager.swift */,
			);
			path = Visitor;
			sourceTree = "<group>";
		};
		211DD92419A62BC000D7CA24 /* Supporting Files */ = {
			isa = PBXGroup;
			children = (
				211DD92519A62BC000D7CA24 /* Info.plist */,
			);
			name = "Supporting Files";
			sourceTree = "<group>";
		};
		211DD93919A62BC200D7CA24 /* VisitorTests */ = {
			isa = PBXGroup;
			children = (
				211DD93C19A62BC200D7CA24 /* VisitorTests.swift */,
				211DD93A19A62BC200D7CA24 /* Supporting Files */,
			);
			path = VisitorTests;
			sourceTree = "<group>";
		};
		211DD93A19A62BC200D7CA24 /* Supporting Files */ = {
			isa = PBXGroup;
			children = (
				211DD93B19A62BC200D7CA24 /* Info.plist */,
			);
			name = "Supporting Files";
			sourceTree = "<group>";
		};
/* End PBXGroup section */

/* Begin PBXNativeTarget section */
		211DD92019A62BBD00D7CA24 /* Visitor */ = {
			isa = PBXNativeTarget;
			buildConfigurationList = 211DD94019A62BC200D7CA24 /* Build configuration list for PBXNativeTarget "Visitor" */;
			buildPhases = (
				211DD91D19A62BBD00D7CA24 /* Sources */,
				211DD91E19A62BBD00D7CA24 /* Frameworks */,
				211DD91F19A62BBD00D7CA24 /* Resources */,
			);
			buildRules = (
			);
			dependencies = (
			);
			name = Visitor;
			productName = Visitor;
			productReference = 211DD92119A62BBF00D7CA24 /* Visitor.app */;
			productType = "com.apple.product-type.application";
		};
		211DD93519A62BC200D7CA24 /* VisitorTests */ = {
			isa = PBXNativeTarget;
			buildConfigurationList = 211DD94319A62BC200D7CA24 /* Build configuration list for PBXNativeTarget "VisitorTests" */;
			buildPhases = (
				211DD93219A62BC200D7CA24 /* Sources */,
				211DD93319A62BC200D7CA24 /* Frameworks */,
				211DD93419A62BC200D7CA24 /* Resources */,
			);
			buildRules = (
			);
			dependencies = (
				211DD93819A62BC200D7CA24 /* PBXTargetDependency */,
			);
			name = VisitorTests;
			productName = VisitorTests;
			productReference = 211DD93619A62BC200D7CA24 /* VisitorTests.xctest */;
			productType = "com.apple.product-type.bundle.unit-test";
		};
/* End PBXNativeTarget section */

/* Begin PBXProject section */
		211DD91919A62BBC00D7CA24 /* Project object */ = {
			isa = PBXProject;
			attributes = {
				LastUpgradeCheck = 0600;
				ORGANIZATIONNAME = "Mutual Mobile";
				TargetAttributes = {
					211DD92019A62BBD00D7CA24 = {
						CreatedOnToolsVersion = 6.0;
					};
					211DD93519A62BC200D7CA24 = {
						CreatedOnToolsVersion = 6.0;
						TestTargetID = 211DD92019A62BBD00D7CA24;
					};
				};
			};
			buildConfigurationList = 211DD91C19A62BBC00D7CA24 /* Build configuration list for PBXProject "Visitor" */;
			compatibilityVersion = "Xcode 3.2";
			developmentRegion = English;
			hasScannedForEncodings = 0;
			knownRegions = (
				en,
				Base,
			);
			mainGroup = 211DD91819A62BBB00D7CA24;
			productRefGroup = 211DD92219A62BBF00D7CA24 /* Products */;
			projectDirPath = "";
			projectRoot = "";
			targets = (
				211DD92019A62BBD00D7CA24 /* Visitor */,
				211DD93519A62BC200D7CA24 /* VisitorTests */,
			);
		};
/* End PBXProject section */

/* Begin PBXResourcesBuildPhase section */
		211DD91F19A62BBD00D7CA24 /* Resources */ = {
			isa = PBXResourcesBuildPhase;
			buildActionMask = 2147483647;
			files = (
				211DD92F19A62BC100D7CA24 /* Main.storyboard in Resources */,
				211DD93119A62BC200D7CA24 /* Images.xcassets in Resources */,
			);
			runOnlyForDeploymentPostprocessing = 0;
		};
		211DD93419A62BC200D7CA24 /* Resources */ = {
			isa = PBXResourcesBuildPhase;
			buildActionMask = 2147483647;
			files = (
			);
			runOnlyForDeploymentPostprocessing = 0;
		};
/* End PBXResourcesBuildPhase section */

/* Begin PBXSourcesBuildPhase section */
		211DD91D19A62BBD00D7CA24 /* Sources */ = {
			isa = PBXSourcesBuildPhase;
			buildActionMask = 2147483647;
			files = (
				211DD92C19A62BC100D7CA24 /* ViewController.swift in Sources */,
				2125F80A19AB9B910032EE27 /* MapViewController.swift in Sources */,
				21A4FF9219A798BD00923C55 /* Visit.swift in Sources */,
				211DD92A19A62BC100D7CA24 /* Visitor.xcdatamodeld in Sources */,
				211DD92719A62BC000D7CA24 /* AppDelegate.swift in Sources */,
				2125F80619AB67D50032EE27 /* VisitManager.swift in Sources */,
			);
			runOnlyForDeploymentPostprocessing = 0;
		};
		211DD93219A62BC200D7CA24 /* Sources */ = {
			isa = PBXSourcesBuildPhase;
			buildActionMask = 2147483647;
			files = (
				211DD93D19A62BC200D7CA24 /* VisitorTests.swift in Sources */,
			);
			runOnlyForDeploymentPostprocessing = 0;
		};
/* End PBXSourcesBuildPhase section */

/* Begin PBXTargetDependency section */
		211DD93819A62BC200D7CA24 /* PBXTargetDependency */ = {
			isa = PBXTargetDependency;
			target = 211DD92019A62BBD00D7CA24 /* Visitor */;
			targetProxy = 211DD93719A62BC200D7CA24 /* PBXContainerItemProxy */;
		};
/* End PBXTargetDependency section */

/* Begin PBXVariantGroup section */
		211DD92D19A62BC100D7CA24 /* Main.storyboard */ = {
			isa = PBXVariantGroup;
			children = (
				211DD92E19A62BC100D7CA24 /* Base */,
			);
			name = Main.storyboard;
			sourceTree = "<group>";
		};
/* End PBXVariantGroup section */

/* Begin XCBuildConfiguration section */
		211DD93E19A62BC200D7CA24 /* Debug */ = {
			isa = XCBuildConfiguration;
			buildSettings = {
				ALWAYS_SEARCH_USER_PATHS = NO;
				CLANG_CXX_LANGUAGE_STANDARD = "gnu++0x";
				CLANG_CXX_LIBRARY = "libc++";
				CLANG_ENABLE_MODULES = YES;
				CLANG_ENABLE_OBJC_ARC = YES;
				CLANG_WARN_BOOL_CONVERSION = YES;
				CLANG_WARN_CONSTANT_CONVERSION = YES;
				CLANG_WARN_DIRECT_OBJC_ISA_USAGE = YES_ERROR;
				CLANG_WARN_EMPTY_BODY = YES;
				CLANG_WARN_ENUM_CONVERSION = YES;
				CLANG_WARN_INT_CONVERSION = YES;
				CLANG_WARN_OBJC_ROOT_CLASS = YES_ERROR;
				CLANG_WARN_UNREACHABLE_CODE = YES;
				CLANG_WARN__DUPLICATE_METHOD_MATCH = YES;
				"CODE_SIGN_IDENTITY[sdk=iphoneos*]" = "iPhone Developer";
				COPY_PHASE_STRIP = NO;
				ENABLE_STRICT_OBJC_MSGSEND = YES;
				GCC_C_LANGUAGE_STANDARD = gnu99;
				GCC_DYNAMIC_NO_PIC = NO;
				GCC_OPTIMIZATION_LEVEL = 0;
				GCC_PREPROCESSOR_DEFINITIONS = (
					"DEBUG=1",
					"$(inherited)",
				);
				GCC_SYMBOLS_PRIVATE_EXTERN = NO;
				GCC_WARN_64_TO_32_BIT_CONVERSION = YES;
				GCC_WARN_ABOUT_RETURN_TYPE = YES_ERROR;
				GCC_WARN_UNDECLARED_SELECTOR = YES;
				GCC_WARN_UNINITIALIZED_AUTOS = YES_AGGRESSIVE;
				GCC_WARN_UNUSED_FUNCTION = YES;
				GCC_WARN_UNUSED_VARIABLE = YES;
				IPHONEOS_DEPLOYMENT_TARGET = 8.0;
				MTL_ENABLE_DEBUG_INFO = YES;
				ONLY_ACTIVE_ARCH = YES;
				SDKROOT = iphoneos;
				SWIFT_OPTIMIZATION_LEVEL = "-Onone";
			};
			name = Debug;
		};
		211DD93F19A62BC200D7CA24 /* Release */ = {
			isa = XCBuildConfiguration;
			buildSettings = {
				ALWAYS_SEARCH_USER_PATHS = NO;
				CLANG_CXX_LANGUAGE_STANDARD = "gnu++0x";
				CLANG_CXX_LIBRARY = "libc++";
				CLANG_ENABLE_MODULES = YES;
				CLANG_ENABLE_OBJC_ARC = YES;
				CLANG_WARN_BOOL_CONVERSION = YES;
				CLANG_WARN_CONSTANT_CONVERSION = YES;
				CLANG_WARN_DIRECT_OBJC_ISA_USAGE = YES_ERROR;
				CLANG_WARN_EMPTY_BODY = YES;
				CLANG_WARN_ENUM_CONVERSION = YES;
				CLANG_WARN_INT_CONVERSION = YES;
				CLANG_WARN_OBJC_ROOT_CLASS = YES_ERROR;
				CLANG_WARN_UNREACHABLE_CODE = YES;
				CLANG_WARN__DUPLICATE_METHOD_MATCH = YES;
				"CODE_SIGN_IDENTITY[sdk=iphoneos*]" = "iPhone Developer";
				COPY_PHASE_STRIP = YES;
				ENABLE_NS_ASSERTIONS = NO;
				ENABLE_STRICT_OBJC_MSGSEND = YES;
				GCC_C_LANGUAGE_STANDARD = gnu99;
				GCC_WARN_64_TO_32_BIT_CONVERSION = YES;
				GCC_WARN_ABOUT_RETURN_TYPE = YES_ERROR;
				GCC_WARN_UNDECLARED_SELECTOR = YES;
				GCC_WARN_UNINITIALIZED_AUTOS = YES_AGGRESSIVE;
				GCC_WARN_UNUSED_FUNCTION = YES;
				GCC_WARN_UNUSED_VARIABLE = YES;
				IPHONEOS_DEPLOYMENT_TARGET = 8.0;
				MTL_ENABLE_DEBUG_INFO = NO;
				SDKROOT = iphoneos;
				VALIDATE_PRODUCT = YES;
			};
			name = Release;
		};
		211DD94119A62BC200D7CA24 /* Debug */ = {
			isa = XCBuildConfiguration;
			buildSettings = {
				ASSETCATALOG_COMPILER_APPICON_NAME = AppIcon;
				ASSETCATALOG_COMPILER_LAUNCHIMAGE_NAME = LaunchImage;
				CLANG_ENABLE_MODULES = YES;
				INFOPLIST_FILE = Visitor/Info.plist;
				LD_RUNPATH_SEARCH_PATHS = "$(inherited) @executable_path/Frameworks";
				PRODUCT_NAME = "$(TARGET_NAME)";
				SWIFT_OPTIMIZATION_LEVEL = "-Onone";
			};
			name = Debug;
		};
		211DD94219A62BC200D7CA24 /* Release */ = {
			isa = XCBuildConfiguration;
			buildSettings = {
				ASSETCATALOG_COMPILER_APPICON_NAME = AppIcon;
				ASSETCATALOG_COMPILER_LAUNCHIMAGE_NAME = LaunchImage;
				CLANG_ENABLE_MODULES = YES;
				INFOPLIST_FILE = Visitor/Info.plist;
				LD_RUNPATH_SEARCH_PATHS = "$(inherited) @executable_path/Frameworks";
				PRODUCT_NAME = "$(TARGET_NAME)";
			};
			name = Release;
		};
		211DD94419A62BC200D7CA24 /* Debug */ = {
			isa = XCBuildConfiguration;
			buildSettings = {
				BUNDLE_LOADER = "$(TEST_HOST)";
				FRAMEWORK_SEARCH_PATHS = (
					"$(SDKROOT)/Developer/Library/Frameworks",
					"$(inherited)",
				);
				GCC_PREPROCESSOR_DEFINITIONS = (
					"DEBUG=1",
					"$(inherited)",
				);
				INFOPLIST_FILE = VisitorTests/Info.plist;
				LD_RUNPATH_SEARCH_PATHS = "$(inherited) @executable_path/Frameworks @loader_path/Frameworks";
				PRODUCT_NAME = "$(TARGET_NAME)";
				TEST_HOST = "$(BUILT_PRODUCTS_DIR)/Visitor.app/Visitor";
			};
			name = Debug;
		};
		211DD94519A62BC200D7CA24 /* Release */ = {
			isa = XCBuildConfiguration;
			buildSettings = {
				BUNDLE_LOADER = "$(TEST_HOST)";
				FRAMEWORK_SEARCH_PATHS = (
					"$(SDKROOT)/Developer/Library/Frameworks",
					"$(inherited)",
				);
				INFOPLIST_FILE = VisitorTests/Info.plist;
				LD_RUNPATH_SEARCH_PATHS = "$(inherited) @executable_path/Frameworks @loader_path/Frameworks";
				PRODUCT_NAME = "$(TARGET_NAME)";
				TEST_HOST = "$(BUILT_PRODUCTS_DIR)/Visitor.app/Visitor";
			};
			name = Release;
		};
/* End XCBuildConfiguration section */

/* Begin XCConfigurationList section */
		211DD91C19A62BBC00D7CA24 /* Build configuration list for PBXProject "Visitor" */ = {
			isa = XCConfigurationList;
			buildConfigurations = (
				211DD93E19A62BC200D7CA24 /* Debug */,
				211DD93F19A62BC200D7CA24 /* Release */,
			);
			defaultConfigurationIsVisible = 0;
			defaultConfigurationName = Release;
		};
		211DD94019A62BC200D7CA24 /* Build configuration list for PBXNativeTarget "Visitor" */ = {
			isa = XCConfigurationList;
			buildConfigurations = (
				211DD94119A62BC200D7CA24 /* Debug */,
				211DD94219A62BC200D7CA24 /* Release */,
			);
			defaultConfigurationIsVisible = 0;
			defaultConfigurationName = Release;
		};
		211DD94319A62BC200D7CA24 /* Build configuration list for PBXNativeTarget "VisitorTests" */ = {
			isa = XCConfigurationList;
			buildConfigurations = (
				211DD94419A62BC200D7CA24 /* Debug */,
				211DD94519A62BC200D7CA24 /* Release */,
			);
			defaultConfigurationIsVisible = 0;
			defaultConfigurationName = Release;
		};
/* End XCConfigurationList section */

/* Begin XCVersionGroup section */
		211DD92819A62BC100D7CA24 /* Visitor.xcdatamodeld */ = {
			isa = XCVersionGroup;
			children = (
				211DD92919A62BC100D7CA24 /* Visitor.xcdatamodel */,
			);
			currentVersion = 211DD92919A62BC100D7CA24 /* Visitor.xcdatamodel */;
			path = Visitor.xcdatamodeld;
			sourceTree = "<group>";
			versionGroupType = wrapper.xcdatamodel;
		};
/* End XCVersionGroup section */
	};
	rootObject = 211DD91919A62BBC00D7CA24 /* Project object */;
}
